PODS:
  - FBSnapshotTestCase (2.0.7):
    - FBSnapshotTestCase/SwiftSupport (= 2.0.7)
  - FBSnapshotTestCase/Core (2.0.7)
  - FBSnapshotTestCase/SwiftSupport (2.0.7):
    - FBSnapshotTestCase/Core
  - SlidingTutorial (0.9.0)

DEPENDENCIES:
  - FBSnapshotTestCase
  - SlidingTutorial (from `../`)

EXTERNAL SOURCES:
  SlidingTutorial:
    :path: ../

SPEC CHECKSUMS:
  FBSnapshotTestCase: 7e85180d0d141a0cf472352edda7e80d7eaeb547
  SlidingTutorial: f34288d8a2c5839270ff739459d113de094abd2b

COCOAPODS: 0.39.0
