PODS:
  - SlidingTutorial (0.9.0):
    - UIView-Autolayout
  - UIView-Autolayout (0.2.1)

DEPENDENCIES:
  - SlidingTutorial (from `../`)

EXTERNAL SOURCES:
  SlidingTutorial:
    :path: ../

SPEC CHECKSUMS:
  SlidingTutorial: a247016e9cd13ec22981c97b4366eeb526c19d78
  UIView-Autolayout: 042510c499403f58620998278ddd60fa7b6cd4a7

PODFILE CHECKSUM: 4ba56419ca6a520082e01cdadb24e0095ca65b10

COCOAPODS: 1.2.0
